
Microsoft Visual Studio Solution File, Format Version 12.00
# Visual Studio Version 17
VisualStudioVersion = 17.14.36603.0
MinimumVisualStudioVersion = 10.0.40219.1
Project("{8BC9CEB8-8B4A-11D0-8D11-00A0C91BC942}") = "HookWindowsClose", "HookWindowsClose\HookWindowsClose.vcxproj", "{4C02D43C-0D74-45E8-A7D2-328351DC274A}"
EndProject
Project("{8BC9CEB8-8B4A-11D0-8D11-00A0C91BC942}") = "Neko", "main\main.vcxproj", "{7D8B088E-5B50-43FA-97FD-FB6C2B3DD3C0}"
	ProjectSection(ProjectDependencies) = postProject
		{400E36DA-DBF7-4BF8-9F33-420F25B06835} = {400E36DA-DBF7-4BF8-9F33-420F25B06835}
	EndProjectSection
EndProject
Project("{8BC9CEB8-8B4A-11D0-8D11-00A0C91BC942}") = "toast", "toast\toast.vcxproj", "{400E36DA-DBF7-4BF8-9F33-420F25B06835}"
EndProject
Project("{8BC9CEB8-8B4A-11D0-8D11-00A0C91BC942}") = "InitNeko", "InitNeko\InitNeko.vcxproj", "{B882E635-FE30-4D15-937C-82AC4C63AF1E}"
EndProject
Project("{54435603-DBB4-11D2-8724-00A0C9A8B90C}") = "Setup1", "Setup1\Setup1.vdproj", "{F5D91FD6-F519-3AC5-2EF1-6ADD62B256F6}"
EndProject
Global
	GlobalSection(SolutionConfigurationPlatforms) = preSolution
		All|ARM64 = All|ARM64
		All|x64 = All|x64
		All|x86 = All|x86
		Debug|ARM64 = Debug|ARM64
		Debug|x64 = Debug|x64
		Debug|x86 = Debug|x86
		Release|ARM64 = Release|ARM64
		Release|x64 = Release|x64
		Release|x86 = Release|x86
	EndGlobalSection
	GlobalSection(ProjectConfigurationPlatforms) = postSolution
		{4C02D43C-0D74-45E8-A7D2-328351DC274A}.All|ARM64.ActiveCfg = Debug|x64
		{4C02D43C-0D74-45E8-A7D2-328351DC274A}.All|ARM64.Build.0 = Debug|x64
		{4C02D43C-0D74-45E8-A7D2-328351DC274A}.All|x64.ActiveCfg = Debug|x64
		{4C02D43C-0D74-45E8-A7D2-328351DC274A}.All|x64.Build.0 = Debug|x64
		{4C02D43C-0D74-45E8-A7D2-328351DC274A}.All|x86.ActiveCfg = Debug|Win32
		{4C02D43C-0D74-45E8-A7D2-328351DC274A}.All|x86.Build.0 = Debug|Win32
		{4C02D43C-0D74-45E8-A7D2-328351DC274A}.Debug|ARM64.ActiveCfg = Debug|x64
		{4C02D43C-0D74-45E8-A7D2-328351DC274A}.Debug|ARM64.Build.0 = Debug|x64
		{4C02D43C-0D74-45E8-A7D2-328351DC274A}.Debug|x64.ActiveCfg = Debug|x64
		{4C02D43C-0D74-45E8-A7D2-328351DC274A}.Debug|x64.Build.0 = Debug|x64
		{4C02D43C-0D74-45E8-A7D2-328351DC274A}.Debug|x86.ActiveCfg = Debug|Win32
		{4C02D43C-0D74-45E8-A7D2-328351DC274A}.Debug|x86.Build.0 = Debug|Win32
		{4C02D43C-0D74-45E8-A7D2-328351DC274A}.Release|ARM64.ActiveCfg = Release|x64
		{4C02D43C-0D74-45E8-A7D2-328351DC274A}.Release|ARM64.Build.0 = Release|x64
		{4C02D43C-0D74-45E8-A7D2-328351DC274A}.Release|x64.ActiveCfg = Release|x64
		{4C02D43C-0D74-45E8-A7D2-328351DC274A}.Release|x64.Build.0 = Release|x64
		{4C02D43C-0D74-45E8-A7D2-328351DC274A}.Release|x86.ActiveCfg = Release|Win32
		{4C02D43C-0D74-45E8-A7D2-328351DC274A}.Release|x86.Build.0 = Release|Win32
		{7D8B088E-5B50-43FA-97FD-FB6C2B3DD3C0}.All|ARM64.ActiveCfg = Debug|x64
		{7D8B088E-5B50-43FA-97FD-FB6C2B3DD3C0}.All|ARM64.Build.0 = Debug|x64
		{7D8B088E-5B50-43FA-97FD-FB6C2B3DD3C0}.All|x64.ActiveCfg = Debug|x64
		{7D8B088E-5B50-43FA-97FD-FB6C2B3DD3C0}.All|x64.Build.0 = Debug|x64
		{7D8B088E-5B50-43FA-97FD-FB6C2B3DD3C0}.All|x86.ActiveCfg = Debug|Win32
		{7D8B088E-5B50-43FA-97FD-FB6C2B3DD3C0}.All|x86.Build.0 = Debug|Win32
		{7D8B088E-5B50-43FA-97FD-FB6C2B3DD3C0}.Debug|ARM64.ActiveCfg = Debug|x64
		{7D8B088E-5B50-43FA-97FD-FB6C2B3DD3C0}.Debug|ARM64.Build.0 = Debug|x64
		{7D8B088E-5B50-43FA-97FD-FB6C2B3DD3C0}.Debug|x64.ActiveCfg = Debug|x64
		{7D8B088E-5B50-43FA-97FD-FB6C2B3DD3C0}.Debug|x64.Build.0 = Debug|x64
		{7D8B088E-5B50-43FA-97FD-FB6C2B3DD3C0}.Debug|x86.ActiveCfg = Debug|Win32
		{7D8B088E-5B50-43FA-97FD-FB6C2B3DD3C0}.Debug|x86.Build.0 = Debug|Win32
		{7D8B088E-5B50-43FA-97FD-FB6C2B3DD3C0}.Release|ARM64.ActiveCfg = Release|x64
		{7D8B088E-5B50-43FA-97FD-FB6C2B3DD3C0}.Release|ARM64.Build.0 = Release|x64
		{7D8B088E-5B50-43FA-97FD-FB6C2B3DD3C0}.Release|x64.ActiveCfg = Release|x64
		{7D8B088E-5B50-43FA-97FD-FB6C2B3DD3C0}.Release|x64.Build.0 = Release|x64
		{7D8B088E-5B50-43FA-97FD-FB6C2B3DD3C0}.Release|x86.ActiveCfg = Release|Win32
		{7D8B088E-5B50-43FA-97FD-FB6C2B3DD3C0}.Release|x86.Build.0 = Release|Win32
		{400E36DA-DBF7-4BF8-9F33-420F25B06835}.All|ARM64.ActiveCfg = Debug|x64
		{400E36DA-DBF7-4BF8-9F33-420F25B06835}.All|ARM64.Build.0 = Debug|x64
		{400E36DA-DBF7-4BF8-9F33-420F25B06835}.All|x64.ActiveCfg = Debug|x64
		{400E36DA-DBF7-4BF8-9F33-420F25B06835}.All|x64.Build.0 = Debug|x64
		{400E36DA-DBF7-4BF8-9F33-420F25B06835}.All|x86.ActiveCfg = Debug|Win32
		{400E36DA-DBF7-4BF8-9F33-420F25B06835}.All|x86.Build.0 = Debug|Win32
		{400E36DA-DBF7-4BF8-9F33-420F25B06835}.Debug|ARM64.ActiveCfg = Debug|x64
		{400E36DA-DBF7-4BF8-9F33-420F25B06835}.Debug|ARM64.Build.0 = Debug|x64
		{400E36DA-DBF7-4BF8-9F33-420F25B06835}.Debug|x64.ActiveCfg = Debug|x64
		{400E36DA-DBF7-4BF8-9F33-420F25B06835}.Debug|x64.Build.0 = Debug|x64
		{400E36DA-DBF7-4BF8-9F33-420F25B06835}.Debug|x86.ActiveCfg = Debug|Win32
		{400E36DA-DBF7-4BF8-9F33-420F25B06835}.Debug|x86.Build.0 = Debug|Win32
		{400E36DA-DBF7-4BF8-9F33-420F25B06835}.Release|ARM64.ActiveCfg = Release|x64
		{400E36DA-DBF7-4BF8-9F33-420F25B06835}.Release|ARM64.Build.0 = Release|x64
		{400E36DA-DBF7-4BF8-9F33-420F25B06835}.Release|x64.ActiveCfg = Release|x64
		{400E36DA-DBF7-4BF8-9F33-420F25B06835}.Release|x64.Build.0 = Release|x64
		{400E36DA-DBF7-4BF8-9F33-420F25B06835}.Release|x86.ActiveCfg = Release|Win32
		{400E36DA-DBF7-4BF8-9F33-420F25B06835}.Release|x86.Build.0 = Release|Win32
		{B882E635-FE30-4D15-937C-82AC4C63AF1E}.All|ARM64.ActiveCfg = Debug|x64
		{B882E635-FE30-4D15-937C-82AC4C63AF1E}.All|ARM64.Build.0 = Debug|x64
		{B882E635-FE30-4D15-937C-82AC4C63AF1E}.All|x64.ActiveCfg = Debug|x64
		{B882E635-FE30-4D15-937C-82AC4C63AF1E}.All|x64.Build.0 = Debug|x64
		{B882E635-FE30-4D15-937C-82AC4C63AF1E}.All|x86.ActiveCfg = Debug|Win32
		{B882E635-FE30-4D15-937C-82AC4C63AF1E}.All|x86.Build.0 = Debug|Win32
		{B882E635-FE30-4D15-937C-82AC4C63AF1E}.Debug|ARM64.ActiveCfg = Debug|x64
		{B882E635-FE30-4D15-937C-82AC4C63AF1E}.Debug|ARM64.Build.0 = Debug|x64
		{B882E635-FE30-4D15-937C-82AC4C63AF1E}.Debug|x64.ActiveCfg = Debug|x64
		{B882E635-FE30-4D15-937C-82AC4C63AF1E}.Debug|x64.Build.0 = Debug|x64
		{B882E635-FE30-4D15-937C-82AC4C63AF1E}.Debug|x86.ActiveCfg = Debug|Win32
		{B882E635-FE30-4D15-937C-82AC4C63AF1E}.Debug|x86.Build.0 = Debug|Win32
		{B882E635-FE30-4D15-937C-82AC4C63AF1E}.Release|ARM64.ActiveCfg = Release|x64
		{B882E635-FE30-4D15-937C-82AC4C63AF1E}.Release|ARM64.Build.0 = Release|x64
		{B882E635-FE30-4D15-937C-82AC4C63AF1E}.Release|x64.ActiveCfg = Release|x64
		{B882E635-FE30-4D15-937C-82AC4C63AF1E}.Release|x64.Build.0 = Release|x64
		{B882E635-FE30-4D15-937C-82AC4C63AF1E}.Release|x86.ActiveCfg = Release|Win32
		{B882E635-FE30-4D15-937C-82AC4C63AF1E}.Release|x86.Build.0 = Release|Win32
		{F5D91FD6-F519-3AC5-2EF1-6ADD62B256F6}.All|ARM64.ActiveCfg = Debug
		{F5D91FD6-F519-3AC5-2EF1-6ADD62B256F6}.All|x64.ActiveCfg = Debug
		{F5D91FD6-F519-3AC5-2EF1-6ADD62B256F6}.All|x86.ActiveCfg = Debug
		{F5D91FD6-F519-3AC5-2EF1-6ADD62B256F6}.Debug|ARM64.ActiveCfg = Debug
		{F5D91FD6-F519-3AC5-2EF1-6ADD62B256F6}.Debug|x64.ActiveCfg = Debug
		{F5D91FD6-F519-3AC5-2EF1-6ADD62B256F6}.Debug|x86.ActiveCfg = Debug
		{F5D91FD6-F519-3AC5-2EF1-6ADD62B256F6}.Release|ARM64.ActiveCfg = Release
		{F5D91FD6-F519-3AC5-2EF1-6ADD62B256F6}.Release|x64.ActiveCfg = Release
		{F5D91FD6-F519-3AC5-2EF1-6ADD62B256F6}.Release|x86.ActiveCfg = Release
	EndGlobalSection
	GlobalSection(SolutionProperties) = preSolution
		HideSolutionNode = FALSE
	EndGlobalSection
	GlobalSection(ExtensibilityGlobals) = postSolution
		SolutionGuid = {AB101E70-702B-4F07-93F3-773375A0D368}
	EndGlobalSection
EndGlobal
