
Microsoft Visual Studio Solution File, Format Version 12.00
# Visual Studio Version 18
VisualStudioVersion = 18.1.11304.174
MinimumVisualStudioVersion = 10.0.40219.1
Project("{8BC9CEB8-8B4A-11D0-8D11-00A0C91BC942}") = "HookWindowsClose", "HookWindowsClose\HookWindowsClose.vcxproj", "{4C02D43C-0D74-45E8-A7D2-328351DC274A}"
EndProject
Project("{8BC9CEB8-8B4A-11D0-8D11-00A0C91BC942}") = "toast", "toast\toast.vcxproj", "{400E36DA-DBF7-4BF8-9F33-420F25B06835}"
EndProject
Project("{8BC9CEB8-8B4A-11D0-8D11-00A0C91BC942}") = "InitNeko", "InitNeko\InitNeko.vcxproj", "{B882E635-FE30-4D15-937C-82AC4C63AF1E}"
EndProject
Project("{54435603-DBB4-11D2-8724-00A0C9A8B90C}") = "Setup1", "Setup1\Setup1.vdproj", "{F5D91FD6-F519-3AC5-2EF1-6ADD62B256F6}"
EndProject
Project("{8BC9CEB8-8B4A-11D0-8D11-00A0C91BC942}") = "Neko", "CopyDialog\CopyDialog.vcxproj", "{0910EE03-05D1-DF4B-34E8-41809E497536}"
EndProject
Project("{8BC9CEB8-8B4A-11D0-8D11-00A0C91BC942}") = "plugins", "plugins\plugins.vcxproj", "{90B6CD2A-9BAF-4548-A241-EE8DF192B42B}"
EndProject
Project("{54A90642-561A-4BB1-A94E-469ADEE60C69}") = "ElectronFrame", "ElectronFrame\ElectronFrame.esproj", "{AA8E29C7-1FF0-942B-18F3-C99AB28765D4}"
EndProject
Project("{8BC9CEB8-8B4A-11D0-8D11-00A0C91BC942}") = "ConfigMgr", "ConfigMgr\ConfigMgr.vcxproj", "{AA9A5D71-A161-4A69-8F8E-44868E3FBD26}"
EndProject
Project("{8BC9CEB8-8B4A-11D0-8D11-00A0C91BC942}") = "WebHelper", "WebHelper\WebHelper.vcxproj", "{6B74ED56-C13B-46E4-9C79-5138297FB137}"
EndProject
Project("{8BC9CEB8-8B4A-11D0-8D11-00A0C91BC942}") = "NekoLogger", "Logger\Logger.vcxproj", "{48347F94-F8D8-4343-BFF1-7492433091EE}"
EndProject
Project("{2150E333-8FDC-42A3-9474-1A3956D46DE8}") = "Test", "Test", "{7F0E2C28-1BC5-41AA-AAC2-D0B38A97FBF8}"
EndProject
Project("{8BC9CEB8-8B4A-11D0-8D11-00A0C91BC942}") = "testlogger", "testlogger\testlogger.vcxproj", "{FFF97A41-7F57-4109-9C5B-FC6F22C3DABA}"
EndProject
Project("{8BC9CEB8-8B4A-11D0-8D11-00A0C91BC942}") = "PluginsMgr", "PluginsMgr\PluginsMgr.vcxproj", "{D932267A-E335-48F0-ACC6-DA7534027ABB}"
EndProject
Project("{2150E333-8FDC-42A3-9474-1A3956D46DE8}") = "Built-In Plugins", "Built-In Plugins", "{3815AFED-BEDD-455C-8481-B47748CC6990}"
EndProject
Project("{2150E333-8FDC-42A3-9474-1A3956D46DE8}") = "Frames", "Frames", "{1CD88169-12D6-4F79-9FB7-16809F8B8ACF}"
EndProject
Project("{2150E333-8FDC-42A3-9474-1A3956D46DE8}") = "Setup", "Setup", "{6F4A12F4-EC19-40DF-8164-04F44F5D8619}"
EndProject
Project("{2150E333-8FDC-42A3-9474-1A3956D46DE8}") = "Mangers", "Mangers", "{62DA25D9-6187-4BE4-9E4B-4AA188C07797}"
EndProject
Project("{8BC9CEB8-8B4A-11D0-8D11-00A0C91BC942}") = "NekoToast", "NekoToast\NekoToast.vcxproj", "{51969E1E-E0AE-43CB-93CA-AAF711B28891}"
EndProject
Global
	GlobalSection(SolutionConfigurationPlatforms) = preSolution
		All|Any CPU = All|Any CPU
		All|ARM64 = All|ARM64
		All|x64 = All|x64
		All|x86 = All|x86
		Debug|Any CPU = Debug|Any CPU
		Debug|ARM64 = Debug|ARM64
		Debug|x64 = Debug|x64
		Debug|x86 = Debug|x86
		Release|Any CPU = Release|Any CPU
		Release|ARM64 = Release|ARM64
		Release|x64 = Release|x64
		Release|x86 = Release|x86
	EndGlobalSection
	GlobalSection(ProjectConfigurationPlatforms) = postSolution
		{4C02D43C-0D74-45E8-A7D2-328351DC274A}.All|Any CPU.ActiveCfg = Debug|x64
		{4C02D43C-0D74-45E8-A7D2-328351DC274A}.All|Any CPU.Build.0 = Debug|x64
		{4C02D43C-0D74-45E8-A7D2-328351DC274A}.All|ARM64.ActiveCfg = Debug|x64
		{4C02D43C-0D74-45E8-A7D2-328351DC274A}.All|ARM64.Build.0 = Debug|x64
		{4C02D43C-0D74-45E8-A7D2-328351DC274A}.All|x64.ActiveCfg = Debug|x64
		{4C02D43C-0D74-45E8-A7D2-328351DC274A}.All|x64.Build.0 = Debug|x64
		{4C02D43C-0D74-45E8-A7D2-328351DC274A}.All|x86.ActiveCfg = Debug|Win32
		{4C02D43C-0D74-45E8-A7D2-328351DC274A}.All|x86.Build.0 = Debug|Win32
		{4C02D43C-0D74-45E8-A7D2-328351DC274A}.Debug|Any CPU.ActiveCfg = Debug|x64
		{4C02D43C-0D74-45E8-A7D2-328351DC274A}.Debug|Any CPU.Build.0 = Debug|x64
		{4C02D43C-0D74-45E8-A7D2-328351DC274A}.Debug|ARM64.ActiveCfg = Debug|x64
		{4C02D43C-0D74-45E8-A7D2-328351DC274A}.Debug|ARM64.Build.0 = Debug|x64
		{4C02D43C-0D74-45E8-A7D2-328351DC274A}.Debug|x64.ActiveCfg = Debug|x64
		{4C02D43C-0D74-45E8-A7D2-328351DC274A}.Debug|x64.Build.0 = Debug|x64
		{4C02D43C-0D74-45E8-A7D2-328351DC274A}.Debug|x86.ActiveCfg = Debug|Win32
		{4C02D43C-0D74-45E8-A7D2-328351DC274A}.Debug|x86.Build.0 = Debug|Win32
		{4C02D43C-0D74-45E8-A7D2-328351DC274A}.Release|Any CPU.ActiveCfg = Release|x64
		{4C02D43C-0D74-45E8-A7D2-328351DC274A}.Release|Any CPU.Build.0 = Release|x64
		{4C02D43C-0D74-45E8-A7D2-328351DC274A}.Release|ARM64.ActiveCfg = Release|x64
		{4C02D43C-0D74-45E8-A7D2-328351DC274A}.Release|ARM64.Build.0 = Release|x64
		{4C02D43C-0D74-45E8-A7D2-328351DC274A}.Release|x64.ActiveCfg = Release|x64
		{4C02D43C-0D74-45E8-A7D2-328351DC274A}.Release|x64.Build.0 = Release|x64
		{4C02D43C-0D74-45E8-A7D2-328351DC274A}.Release|x86.ActiveCfg = Release|Win32
		{4C02D43C-0D74-45E8-A7D2-328351DC274A}.Release|x86.Build.0 = Release|Win32
		{400E36DA-DBF7-4BF8-9F33-420F25B06835}.All|Any CPU.ActiveCfg = Debug|x64
		{400E36DA-DBF7-4BF8-9F33-420F25B06835}.All|Any CPU.Build.0 = Debug|x64
		{400E36DA-DBF7-4BF8-9F33-420F25B06835}.All|ARM64.ActiveCfg = Debug|x64
		{400E36DA-DBF7-4BF8-9F33-420F25B06835}.All|ARM64.Build.0 = Debug|x64
		{400E36DA-DBF7-4BF8-9F33-420F25B06835}.All|x64.ActiveCfg = Debug|x64
		{400E36DA-DBF7-4BF8-9F33-420F25B06835}.All|x64.Build.0 = Debug|x64
		{400E36DA-DBF7-4BF8-9F33-420F25B06835}.All|x86.ActiveCfg = Debug|Win32
		{400E36DA-DBF7-4BF8-9F33-420F25B06835}.All|x86.Build.0 = Debug|Win32
		{400E36DA-DBF7-4BF8-9F33-420F25B06835}.Debug|Any CPU.ActiveCfg = Debug|x64
		{400E36DA-DBF7-4BF8-9F33-420F25B06835}.Debug|Any CPU.Build.0 = Debug|x64
		{400E36DA-DBF7-4BF8-9F33-420F25B06835}.Debug|ARM64.ActiveCfg = Debug|x64
		{400E36DA-DBF7-4BF8-9F33-420F25B06835}.Debug|ARM64.Build.0 = Debug|x64
		{400E36DA-DBF7-4BF8-9F33-420F25B06835}.Debug|x64.ActiveCfg = Debug|x64
		{400E36DA-DBF7-4BF8-9F33-420F25B06835}.Debug|x64.Build.0 = Debug|x64
		{400E36DA-DBF7-4BF8-9F33-420F25B06835}.Debug|x86.ActiveCfg = Debug|Win32
		{400E36DA-DBF7-4BF8-9F33-420F25B06835}.Debug|x86.Build.0 = Debug|Win32
		{400E36DA-DBF7-4BF8-9F33-420F25B06835}.Release|Any CPU.ActiveCfg = Release|x64
		{400E36DA-DBF7-4BF8-9F33-420F25B06835}.Release|Any CPU.Build.0 = Release|x64
		{400E36DA-DBF7-4BF8-9F33-420F25B06835}.Release|ARM64.ActiveCfg = Release|x64
		{400E36DA-DBF7-4BF8-9F33-420F25B06835}.Release|ARM64.Build.0 = Release|x64
		{400E36DA-DBF7-4BF8-9F33-420F25B06835}.Release|x64.ActiveCfg = Release|x64
		{400E36DA-DBF7-4BF8-9F33-420F25B06835}.Release|x64.Build.0 = Release|x64
		{400E36DA-DBF7-4BF8-9F33-420F25B06835}.Release|x86.ActiveCfg = Release|Win32
		{400E36DA-DBF7-4BF8-9F33-420F25B06835}.Release|x86.Build.0 = Release|Win32
		{B882E635-FE30-4D15-937C-82AC4C63AF1E}.All|Any CPU.ActiveCfg = Debug|x64
		{B882E635-FE30-4D15-937C-82AC4C63AF1E}.All|Any CPU.Build.0 = Debug|x64
		{B882E635-FE30-4D15-937C-82AC4C63AF1E}.All|ARM64.ActiveCfg = Debug|x64
		{B882E635-FE30-4D15-937C-82AC4C63AF1E}.All|ARM64.Build.0 = Debug|x64
		{B882E635-FE30-4D15-937C-82AC4C63AF1E}.All|x64.ActiveCfg = Debug|x64
		{B882E635-FE30-4D15-937C-82AC4C63AF1E}.All|x64.Build.0 = Debug|x64
		{B882E635-FE30-4D15-937C-82AC4C63AF1E}.All|x86.ActiveCfg = Debug|Win32
		{B882E635-FE30-4D15-937C-82AC4C63AF1E}.All|x86.Build.0 = Debug|Win32
		{B882E635-FE30-4D15-937C-82AC4C63AF1E}.Debug|Any CPU.ActiveCfg = Debug|x64
		{B882E635-FE30-4D15-937C-82AC4C63AF1E}.Debug|Any CPU.Build.0 = Debug|x64
		{B882E635-FE30-4D15-937C-82AC4C63AF1E}.Debug|ARM64.ActiveCfg = Debug|x64
		{B882E635-FE30-4D15-937C-82AC4C63AF1E}.Debug|ARM64.Build.0 = Debug|x64
		{B882E635-FE30-4D15-937C-82AC4C63AF1E}.Debug|x64.ActiveCfg = Debug|x64
		{B882E635-FE30-4D15-937C-82AC4C63AF1E}.Debug|x64.Build.0 = Debug|x64
		{B882E635-FE30-4D15-937C-82AC4C63AF1E}.Debug|x86.ActiveCfg = Debug|Win32
		{B882E635-FE30-4D15-937C-82AC4C63AF1E}.Debug|x86.Build.0 = Debug|Win32
		{B882E635-FE30-4D15-937C-82AC4C63AF1E}.Release|Any CPU.ActiveCfg = Release|x64
		{B882E635-FE30-4D15-937C-82AC4C63AF1E}.Release|Any CPU.Build.0 = Release|x64
		{B882E635-FE30-4D15-937C-82AC4C63AF1E}.Release|ARM64.ActiveCfg = Release|x64
		{B882E635-FE30-4D15-937C-82AC4C63AF1E}.Release|ARM64.Build.0 = Release|x64
		{B882E635-FE30-4D15-937C-82AC4C63AF1E}.Release|x64.ActiveCfg = Release|x64
		{B882E635-FE30-4D15-937C-82AC4C63AF1E}.Release|x86.ActiveCfg = Release|Win32
		{B882E635-FE30-4D15-937C-82AC4C63AF1E}.Release|x86.Build.0 = Release|Win32
		{F5D91FD6-F519-3AC5-2EF1-6ADD62B256F6}.All|Any CPU.ActiveCfg = Debug
		{F5D91FD6-F519-3AC5-2EF1-6ADD62B256F6}.All|Any CPU.Build.0 = Debug
		{F5D91FD6-F519-3AC5-2EF1-6ADD62B256F6}.All|ARM64.ActiveCfg = Debug
		{F5D91FD6-F519-3AC5-2EF1-6ADD62B256F6}.All|x64.ActiveCfg = Debug
		{F5D91FD6-F519-3AC5-2EF1-6ADD62B256F6}.All|x86.ActiveCfg = Debug
		{F5D91FD6-F519-3AC5-2EF1-6ADD62B256F6}.Debug|Any CPU.ActiveCfg = Debug
		{F5D91FD6-F519-3AC5-2EF1-6ADD62B256F6}.Debug|Any CPU.Build.0 = Debug
		{F5D91FD6-F519-3AC5-2EF1-6ADD62B256F6}.Debug|ARM64.ActiveCfg = Debug
		{F5D91FD6-F519-3AC5-2EF1-6ADD62B256F6}.Debug|x64.ActiveCfg = Debug
		{F5D91FD6-F519-3AC5-2EF1-6ADD62B256F6}.Debug|x86.ActiveCfg = Debug
		{F5D91FD6-F519-3AC5-2EF1-6ADD62B256F6}.Release|Any CPU.ActiveCfg = Release
		{F5D91FD6-F519-3AC5-2EF1-6ADD62B256F6}.Release|Any CPU.Build.0 = Release
		{F5D91FD6-F519-3AC5-2EF1-6ADD62B256F6}.Release|ARM64.ActiveCfg = Release
		{F5D91FD6-F519-3AC5-2EF1-6ADD62B256F6}.Release|x64.ActiveCfg = Release
		{F5D91FD6-F519-3AC5-2EF1-6ADD62B256F6}.Release|x86.ActiveCfg = Release
		{0910EE03-05D1-DF4B-34E8-41809E497536}.All|Any CPU.ActiveCfg = Debug|x64
		{0910EE03-05D1-DF4B-34E8-41809E497536}.All|Any CPU.Build.0 = Debug|x64
		{0910EE03-05D1-DF4B-34E8-41809E497536}.All|ARM64.ActiveCfg = Debug|x64
		{0910EE03-05D1-DF4B-34E8-41809E497536}.All|ARM64.Build.0 = Debug|x64
		{0910EE03-05D1-DF4B-34E8-41809E497536}.All|x64.ActiveCfg = Debug|x64
		{0910EE03-05D1-DF4B-34E8-41809E497536}.All|x64.Build.0 = Debug|x64
		{0910EE03-05D1-DF4B-34E8-41809E497536}.All|x86.ActiveCfg = Debug|Win32
		{0910EE03-05D1-DF4B-34E8-41809E497536}.All|x86.Build.0 = Debug|Win32
		{0910EE03-05D1-DF4B-34E8-41809E497536}.Debug|Any CPU.ActiveCfg = Debug|x64
		{0910EE03-05D1-DF4B-34E8-41809E497536}.Debug|Any CPU.Build.0 = Debug|x64
		{0910EE03-05D1-DF4B-34E8-41809E497536}.Debug|ARM64.ActiveCfg = Debug|x64
		{0910EE03-05D1-DF4B-34E8-41809E497536}.Debug|ARM64.Build.0 = Debug|x64
		{0910EE03-05D1-DF4B-34E8-41809E497536}.Debug|x64.ActiveCfg = Debug|x64
		{0910EE03-05D1-DF4B-34E8-41809E497536}.Debug|x64.Build.0 = Debug|x64
		{0910EE03-05D1-DF4B-34E8-41809E497536}.Debug|x86.ActiveCfg = Debug|Win32
		{0910EE03-05D1-DF4B-34E8-41809E497536}.Debug|x86.Build.0 = Debug|Win32
		{0910EE03-05D1-DF4B-34E8-41809E497536}.Release|Any CPU.ActiveCfg = Release|x64
		{0910EE03-05D1-DF4B-34E8-41809E497536}.Release|Any CPU.Build.0 = Release|x64
		{0910EE03-05D1-DF4B-34E8-41809E497536}.Release|ARM64.ActiveCfg = Release|x64
		{0910EE03-05D1-DF4B-34E8-41809E497536}.Release|ARM64.Build.0 = Release|x64
		{0910EE03-05D1-DF4B-34E8-41809E497536}.Release|x64.ActiveCfg = Release|x64
		{0910EE03-05D1-DF4B-34E8-41809E497536}.Release|x64.Build.0 = Release|x64
		{0910EE03-05D1-DF4B-34E8-41809E497536}.Release|x86.ActiveCfg = Release|Win32
		{0910EE03-05D1-DF4B-34E8-41809E497536}.Release|x86.Build.0 = Release|Win32
		{90B6CD2A-9BAF-4548-A241-EE8DF192B42B}.All|Any CPU.ActiveCfg = Debug|x64
		{90B6CD2A-9BAF-4548-A241-EE8DF192B42B}.All|Any CPU.Build.0 = Debug|x64
		{90B6CD2A-9BAF-4548-A241-EE8DF192B42B}.All|ARM64.ActiveCfg = Debug|x64
		{90B6CD2A-9BAF-4548-A241-EE8DF192B42B}.All|ARM64.Build.0 = Debug|x64
		{90B6CD2A-9BAF-4548-A241-EE8DF192B42B}.All|x64.ActiveCfg = Debug|x64
		{90B6CD2A-9BAF-4548-A241-EE8DF192B42B}.All|x64.Build.0 = Debug|x64
		{90B6CD2A-9BAF-4548-A241-EE8DF192B42B}.All|x86.ActiveCfg = Debug|Win32
		{90B6CD2A-9BAF-4548-A241-EE8DF192B42B}.All|x86.Build.0 = Debug|Win32
		{90B6CD2A-9BAF-4548-A241-EE8DF192B42B}.Debug|Any CPU.ActiveCfg = Debug|x64
		{90B6CD2A-9BAF-4548-A241-EE8DF192B42B}.Debug|Any CPU.Build.0 = Debug|x64
		{90B6CD2A-9BAF-4548-A241-EE8DF192B42B}.Debug|ARM64.ActiveCfg = Debug|x64
		{90B6CD2A-9BAF-4548-A241-EE8DF192B42B}.Debug|ARM64.Build.0 = Debug|x64
		{90B6CD2A-9BAF-4548-A241-EE8DF192B42B}.Debug|x64.ActiveCfg = Debug|x64
		{90B6CD2A-9BAF-4548-A241-EE8DF192B42B}.Debug|x64.Build.0 = Debug|x64
		{90B6CD2A-9BAF-4548-A241-EE8DF192B42B}.Debug|x86.ActiveCfg = Debug|Win32
		{90B6CD2A-9BAF-4548-A241-EE8DF192B42B}.Debug|x86.Build.0 = Debug|Win32
		{90B6CD2A-9BAF-4548-A241-EE8DF192B42B}.Release|Any CPU.ActiveCfg = Release|x64
		{90B6CD2A-9BAF-4548-A241-EE8DF192B42B}.Release|Any CPU.Build.0 = Release|x64
		{90B6CD2A-9BAF-4548-A241-EE8DF192B42B}.Release|ARM64.ActiveCfg = Release|x64
		{90B6CD2A-9BAF-4548-A241-EE8DF192B42B}.Release|ARM64.Build.0 = Release|x64
		{90B6CD2A-9BAF-4548-A241-EE8DF192B42B}.Release|x64.ActiveCfg = Release|x64
		{90B6CD2A-9BAF-4548-A241-EE8DF192B42B}.Release|x64.Build.0 = Release|x64
		{90B6CD2A-9BAF-4548-A241-EE8DF192B42B}.Release|x86.ActiveCfg = Release|Win32
		{90B6CD2A-9BAF-4548-A241-EE8DF192B42B}.Release|x86.Build.0 = Release|Win32
		{AA8E29C7-1FF0-942B-18F3-C99AB28765D4}.All|Any CPU.ActiveCfg = Debug|Any CPU
		{AA8E29C7-1FF0-942B-18F3-C99AB28765D4}.All|Any CPU.Build.0 = Debug|Any CPU
		{AA8E29C7-1FF0-942B-18F3-C99AB28765D4}.All|Any CPU.Deploy.0 = Debug|Any CPU
		{AA8E29C7-1FF0-942B-18F3-C99AB28765D4}.All|ARM64.ActiveCfg = Debug|Any CPU
		{AA8E29C7-1FF0-942B-18F3-C99AB28765D4}.All|ARM64.Build.0 = Debug|Any CPU
		{AA8E29C7-1FF0-942B-18F3-C99AB28765D4}.All|ARM64.Deploy.0 = Debug|Any CPU
		{AA8E29C7-1FF0-942B-18F3-C99AB28765D4}.All|x64.ActiveCfg = Debug|Any CPU
		{AA8E29C7-1FF0-942B-18F3-C99AB28765D4}.All|x64.Build.0 = Debug|Any CPU
		{AA8E29C7-1FF0-942B-18F3-C99AB28765D4}.All|x64.Deploy.0 = Debug|Any CPU
		{AA8E29C7-1FF0-942B-18F3-C99AB28765D4}.All|x86.ActiveCfg = Debug|Any CPU
		{AA8E29C7-1FF0-942B-18F3-C99AB28765D4}.All|x86.Build.0 = Debug|Any CPU
		{AA8E29C7-1FF0-942B-18F3-C99AB28765D4}.All|x86.Deploy.0 = Debug|Any CPU
		{AA8E29C7-1FF0-942B-18F3-C99AB28765D4}.Debug|Any CPU.ActiveCfg = Debug|Any CPU
		{AA8E29C7-1FF0-942B-18F3-C99AB28765D4}.Debug|Any CPU.Build.0 = Debug|Any CPU
		{AA8E29C7-1FF0-942B-18F3-C99AB28765D4}.Debug|Any CPU.Deploy.0 = Debug|Any CPU
		{AA8E29C7-1FF0-942B-18F3-C99AB28765D4}.Debug|ARM64.ActiveCfg = Debug|Any CPU
		{AA8E29C7-1FF0-942B-18F3-C99AB28765D4}.Debug|ARM64.Build.0 = Debug|Any CPU
		{AA8E29C7-1FF0-942B-18F3-C99AB28765D4}.Debug|ARM64.Deploy.0 = Debug|Any CPU
		{AA8E29C7-1FF0-942B-18F3-C99AB28765D4}.Debug|x64.ActiveCfg = Debug|Any CPU
		{AA8E29C7-1FF0-942B-18F3-C99AB28765D4}.Debug|x64.Build.0 = Debug|Any CPU
		{AA8E29C7-1FF0-942B-18F3-C99AB28765D4}.Debug|x64.Deploy.0 = Debug|Any CPU
		{AA8E29C7-1FF0-942B-18F3-C99AB28765D4}.Debug|x86.ActiveCfg = Debug|Any CPU
		{AA8E29C7-1FF0-942B-18F3-C99AB28765D4}.Debug|x86.Build.0 = Debug|Any CPU
		{AA8E29C7-1FF0-942B-18F3-C99AB28765D4}.Debug|x86.Deploy.0 = Debug|Any CPU
		{AA8E29C7-1FF0-942B-18F3-C99AB28765D4}.Release|Any CPU.ActiveCfg = Release|Any CPU
		{AA8E29C7-1FF0-942B-18F3-C99AB28765D4}.Release|Any CPU.Build.0 = Release|Any CPU
		{AA8E29C7-1FF0-942B-18F3-C99AB28765D4}.Release|Any CPU.Deploy.0 = Release|Any CPU
		{AA8E29C7-1FF0-942B-18F3-C99AB28765D4}.Release|ARM64.ActiveCfg = Release|Any CPU
		{AA8E29C7-1FF0-942B-18F3-C99AB28765D4}.Release|ARM64.Build.0 = Release|Any CPU
		{AA8E29C7-1FF0-942B-18F3-C99AB28765D4}.Release|ARM64.Deploy.0 = Release|Any CPU
		{AA8E29C7-1FF0-942B-18F3-C99AB28765D4}.Release|x64.ActiveCfg = Release|Any CPU
		{AA8E29C7-1FF0-942B-18F3-C99AB28765D4}.Release|x64.Build.0 = Release|Any CPU
		{AA8E29C7-1FF0-942B-18F3-C99AB28765D4}.Release|x64.Deploy.0 = Release|Any CPU
		{AA8E29C7-1FF0-942B-18F3-C99AB28765D4}.Release|x86.ActiveCfg = Release|Any CPU
		{AA8E29C7-1FF0-942B-18F3-C99AB28765D4}.Release|x86.Build.0 = Release|Any CPU
		{AA8E29C7-1FF0-942B-18F3-C99AB28765D4}.Release|x86.Deploy.0 = Release|Any CPU
		{AA9A5D71-A161-4A69-8F8E-44868E3FBD26}.All|Any CPU.ActiveCfg = Debug|x64
		{AA9A5D71-A161-4A69-8F8E-44868E3FBD26}.All|Any CPU.Build.0 = Debug|x64
		{AA9A5D71-A161-4A69-8F8E-44868E3FBD26}.All|ARM64.ActiveCfg = Debug|x64
		{AA9A5D71-A161-4A69-8F8E-44868E3FBD26}.All|ARM64.Build.0 = Debug|x64
		{AA9A5D71-A161-4A69-8F8E-44868E3FBD26}.All|x64.ActiveCfg = Debug|x64
		{AA9A5D71-A161-4A69-8F8E-44868E3FBD26}.All|x64.Build.0 = Debug|x64
		{AA9A5D71-A161-4A69-8F8E-44868E3FBD26}.All|x86.ActiveCfg = Debug|Win32
		{AA9A5D71-A161-4A69-8F8E-44868E3FBD26}.All|x86.Build.0 = Debug|Win32
		{AA9A5D71-A161-4A69-8F8E-44868E3FBD26}.Debug|Any CPU.ActiveCfg = Debug|x64
		{AA9A5D71-A161-4A69-8F8E-44868E3FBD26}.Debug|Any CPU.Build.0 = Debug|x64
		{AA9A5D71-A161-4A69-8F8E-44868E3FBD26}.Debug|ARM64.ActiveCfg = Debug|x64
		{AA9A5D71-A161-4A69-8F8E-44868E3FBD26}.Debug|ARM64.Build.0 = Debug|x64
		{AA9A5D71-A161-4A69-8F8E-44868E3FBD26}.Debug|x64.ActiveCfg = Debug|x64
		{AA9A5D71-A161-4A69-8F8E-44868E3FBD26}.Debug|x64.Build.0 = Debug|x64
		{AA9A5D71-A161-4A69-8F8E-44868E3FBD26}.Debug|x86.ActiveCfg = Debug|Win32
		{AA9A5D71-A161-4A69-8F8E-44868E3FBD26}.Debug|x86.Build.0 = Debug|Win32
		{AA9A5D71-A161-4A69-8F8E-44868E3FBD26}.Release|Any CPU.ActiveCfg = Release|x64
		{AA9A5D71-A161-4A69-8F8E-44868E3FBD26}.Release|Any CPU.Build.0 = Release|x64
		{AA9A5D71-A161-4A69-8F8E-44868E3FBD26}.Release|ARM64.ActiveCfg = Release|x64
		{AA9A5D71-A161-4A69-8F8E-44868E3FBD26}.Release|ARM64.Build.0 = Release|x64
		{AA9A5D71-A161-4A69-8F8E-44868E3FBD26}.Release|x64.ActiveCfg = Release|x64
		{AA9A5D71-A161-4A69-8F8E-44868E3FBD26}.Release|x64.Build.0 = Release|x64
		{AA9A5D71-A161-4A69-8F8E-44868E3FBD26}.Release|x86.ActiveCfg = Release|Win32
		{AA9A5D71-A161-4A69-8F8E-44868E3FBD26}.Release|x86.Build.0 = Release|Win32
		{6B74ED56-C13B-46E4-9C79-5138297FB137}.All|Any CPU.ActiveCfg = Debug|x64
		{6B74ED56-C13B-46E4-9C79-5138297FB137}.All|Any CPU.Build.0 = Debug|x64
		{6B74ED56-C13B-46E4-9C79-5138297FB137}.All|ARM64.ActiveCfg = Debug|x64
		{6B74ED56-C13B-46E4-9C79-5138297FB137}.All|ARM64.Build.0 = Debug|x64
		{6B74ED56-C13B-46E4-9C79-5138297FB137}.All|x64.ActiveCfg = Debug|x64
		{6B74ED56-C13B-46E4-9C79-5138297FB137}.All|x64.Build.0 = Debug|x64
		{6B74ED56-C13B-46E4-9C79-5138297FB137}.All|x86.ActiveCfg = Debug|Win32
		{6B74ED56-C13B-46E4-9C79-5138297FB137}.All|x86.Build.0 = Debug|Win32
		{6B74ED56-C13B-46E4-9C79-5138297FB137}.Debug|Any CPU.ActiveCfg = Debug|x64
		{6B74ED56-C13B-46E4-9C79-5138297FB137}.Debug|Any CPU.Build.0 = Debug|x64
		{6B74ED56-C13B-46E4-9C79-5138297FB137}.Debug|ARM64.ActiveCfg = Debug|x64
		{6B74ED56-C13B-46E4-9C79-5138297FB137}.Debug|ARM64.Build.0 = Debug|x64
		{6B74ED56-C13B-46E4-9C79-5138297FB137}.Debug|x64.ActiveCfg = Debug|x64
		{6B74ED56-C13B-46E4-9C79-5138297FB137}.Debug|x64.Build.0 = Debug|x64
		{6B74ED56-C13B-46E4-9C79-5138297FB137}.Debug|x86.ActiveCfg = Debug|Win32
		{6B74ED56-C13B-46E4-9C79-5138297FB137}.Debug|x86.Build.0 = Debug|Win32
		{6B74ED56-C13B-46E4-9C79-5138297FB137}.Release|Any CPU.ActiveCfg = Release|x64
		{6B74ED56-C13B-46E4-9C79-5138297FB137}.Release|Any CPU.Build.0 = Release|x64
		{6B74ED56-C13B-46E4-9C79-5138297FB137}.Release|ARM64.ActiveCfg = Release|x64
		{6B74ED56-C13B-46E4-9C79-5138297FB137}.Release|ARM64.Build.0 = Release|x64
		{6B74ED56-C13B-46E4-9C79-5138297FB137}.Release|x64.ActiveCfg = Release|x64
		{6B74ED56-C13B-46E4-9C79-5138297FB137}.Release|x64.Build.0 = Release|x64
		{6B74ED56-C13B-46E4-9C79-5138297FB137}.Release|x86.ActiveCfg = Release|Win32
		{6B74ED56-C13B-46E4-9C79-5138297FB137}.Release|x86.Build.0 = Release|Win32
		{48347F94-F8D8-4343-BFF1-7492433091EE}.All|Any CPU.ActiveCfg = Debug|x64
		{48347F94-F8D8-4343-BFF1-7492433091EE}.All|Any CPU.Build.0 = Debug|x64
		{48347F94-F8D8-4343-BFF1-7492433091EE}.All|ARM64.ActiveCfg = Debug|x64
		{48347F94-F8D8-4343-BFF1-7492433091EE}.All|ARM64.Build.0 = Debug|x64
		{48347F94-F8D8-4343-BFF1-7492433091EE}.All|x64.ActiveCfg = Debug|x64
		{48347F94-F8D8-4343-BFF1-7492433091EE}.All|x64.Build.0 = Debug|x64
		{48347F94-F8D8-4343-BFF1-7492433091EE}.All|x86.ActiveCfg = Debug|Win32
		{48347F94-F8D8-4343-BFF1-7492433091EE}.All|x86.Build.0 = Debug|Win32
		{48347F94-F8D8-4343-BFF1-7492433091EE}.Debug|Any CPU.ActiveCfg = Debug|x64
		{48347F94-F8D8-4343-BFF1-7492433091EE}.Debug|Any CPU.Build.0 = Debug|x64
		{48347F94-F8D8-4343-BFF1-7492433091EE}.Debug|ARM64.ActiveCfg = Debug|x64
		{48347F94-F8D8-4343-BFF1-7492433091EE}.Debug|ARM64.Build.0 = Debug|x64
		{48347F94-F8D8-4343-BFF1-7492433091EE}.Debug|x64.ActiveCfg = Debug|x64
		{48347F94-F8D8-4343-BFF1-7492433091EE}.Debug|x64.Build.0 = Debug|x64
		{48347F94-F8D8-4343-BFF1-7492433091EE}.Debug|x86.ActiveCfg = Debug|Win32
		{48347F94-F8D8-4343-BFF1-7492433091EE}.Debug|x86.Build.0 = Debug|Win32
		{48347F94-F8D8-4343-BFF1-7492433091EE}.Release|Any CPU.ActiveCfg = Release|x64
		{48347F94-F8D8-4343-BFF1-7492433091EE}.Release|Any CPU.Build.0 = Release|x64
		{48347F94-F8D8-4343-BFF1-7492433091EE}.Release|ARM64.ActiveCfg = Release|x64
		{48347F94-F8D8-4343-BFF1-7492433091EE}.Release|ARM64.Build.0 = Release|x64
		{48347F94-F8D8-4343-BFF1-7492433091EE}.Release|x64.ActiveCfg = Release|x64
		{48347F94-F8D8-4343-BFF1-7492433091EE}.Release|x64.Build.0 = Release|x64
		{48347F94-F8D8-4343-BFF1-7492433091EE}.Release|x86.ActiveCfg = Release|Win32
		{48347F94-F8D8-4343-BFF1-7492433091EE}.Release|x86.Build.0 = Release|Win32
		{FFF97A41-7F57-4109-9C5B-FC6F22C3DABA}.All|Any CPU.ActiveCfg = Debug|x64
		{FFF97A41-7F57-4109-9C5B-FC6F22C3DABA}.All|Any CPU.Build.0 = Debug|x64
		{FFF97A41-7F57-4109-9C5B-FC6F22C3DABA}.All|ARM64.ActiveCfg = Debug|x64
		{FFF97A41-7F57-4109-9C5B-FC6F22C3DABA}.All|ARM64.Build.0 = Debug|x64
		{FFF97A41-7F57-4109-9C5B-FC6F22C3DABA}.All|x64.ActiveCfg = Debug|x64
		{FFF97A41-7F57-4109-9C5B-FC6F22C3DABA}.All|x64.Build.0 = Debug|x64
		{FFF97A41-7F57-4109-9C5B-FC6F22C3DABA}.All|x86.ActiveCfg = Debug|Win32
		{FFF97A41-7F57-4109-9C5B-FC6F22C3DABA}.All|x86.Build.0 = Debug|Win32
		{FFF97A41-7F57-4109-9C5B-FC6F22C3DABA}.Debug|Any CPU.ActiveCfg = Debug|x64
		{FFF97A41-7F57-4109-9C5B-FC6F22C3DABA}.Debug|Any CPU.Build.0 = Debug|x64
		{FFF97A41-7F57-4109-9C5B-FC6F22C3DABA}.Debug|ARM64.ActiveCfg = Debug|x64
		{FFF97A41-7F57-4109-9C5B-FC6F22C3DABA}.Debug|ARM64.Build.0 = Debug|x64
		{FFF97A41-7F57-4109-9C5B-FC6F22C3DABA}.Debug|x64.ActiveCfg = Debug|x64
		{FFF97A41-7F57-4109-9C5B-FC6F22C3DABA}.Debug|x64.Build.0 = Debug|x64
		{FFF97A41-7F57-4109-9C5B-FC6F22C3DABA}.Debug|x86.ActiveCfg = Debug|Win32
		{FFF97A41-7F57-4109-9C5B-FC6F22C3DABA}.Debug|x86.Build.0 = Debug|Win32
		{FFF97A41-7F57-4109-9C5B-FC6F22C3DABA}.Release|Any CPU.ActiveCfg = Release|x64
		{FFF97A41-7F57-4109-9C5B-FC6F22C3DABA}.Release|Any CPU.Build.0 = Release|x64
		{FFF97A41-7F57-4109-9C5B-FC6F22C3DABA}.Release|ARM64.ActiveCfg = Release|x64
		{FFF97A41-7F57-4109-9C5B-FC6F22C3DABA}.Release|ARM64.Build.0 = Release|x64
		{FFF97A41-7F57-4109-9C5B-FC6F22C3DABA}.Release|x64.ActiveCfg = Release|x64
		{FFF97A41-7F57-4109-9C5B-FC6F22C3DABA}.Release|x64.Build.0 = Release|x64
		{FFF97A41-7F57-4109-9C5B-FC6F22C3DABA}.Release|x86.ActiveCfg = Release|Win32
		{FFF97A41-7F57-4109-9C5B-FC6F22C3DABA}.Release|x86.Build.0 = Release|Win32
		{D932267A-E335-48F0-ACC6-DA7534027ABB}.All|Any CPU.ActiveCfg = Debug|x64
		{D932267A-E335-48F0-ACC6-DA7534027ABB}.All|Any CPU.Build.0 = Debug|x64
		{D932267A-E335-48F0-ACC6-DA7534027ABB}.All|ARM64.ActiveCfg = Debug|x64
		{D932267A-E335-48F0-ACC6-DA7534027ABB}.All|ARM64.Build.0 = Debug|x64
		{D932267A-E335-48F0-ACC6-DA7534027ABB}.All|x64.ActiveCfg = Debug|x64
		{D932267A-E335-48F0-ACC6-DA7534027ABB}.All|x64.Build.0 = Debug|x64
		{D932267A-E335-48F0-ACC6-DA7534027ABB}.All|x86.ActiveCfg = Debug|Win32
		{D932267A-E335-48F0-ACC6-DA7534027ABB}.All|x86.Build.0 = Debug|Win32
		{D932267A-E335-48F0-ACC6-DA7534027ABB}.Debug|Any CPU.ActiveCfg = Debug|x64
		{D932267A-E335-48F0-ACC6-DA7534027ABB}.Debug|Any CPU.Build.0 = Debug|x64
		{D932267A-E335-48F0-ACC6-DA7534027ABB}.Debug|ARM64.ActiveCfg = Debug|x64
		{D932267A-E335-48F0-ACC6-DA7534027ABB}.Debug|ARM64.Build.0 = Debug|x64
		{D932267A-E335-48F0-ACC6-DA7534027ABB}.Debug|x64.ActiveCfg = Debug|x64
		{D932267A-E335-48F0-ACC6-DA7534027ABB}.Debug|x64.Build.0 = Debug|x64
		{D932267A-E335-48F0-ACC6-DA7534027ABB}.Debug|x86.ActiveCfg = Debug|Win32
		{D932267A-E335-48F0-ACC6-DA7534027ABB}.Debug|x86.Build.0 = Debug|Win32
		{D932267A-E335-48F0-ACC6-DA7534027ABB}.Release|Any CPU.ActiveCfg = Release|x64
		{D932267A-E335-48F0-ACC6-DA7534027ABB}.Release|Any CPU.Build.0 = Release|x64
		{D932267A-E335-48F0-ACC6-DA7534027ABB}.Release|ARM64.ActiveCfg = Release|x64
		{D932267A-E335-48F0-ACC6-DA7534027ABB}.Release|ARM64.Build.0 = Release|x64
		{D932267A-E335-48F0-ACC6-DA7534027ABB}.Release|x64.ActiveCfg = Release|x64
		{D932267A-E335-48F0-ACC6-DA7534027ABB}.Release|x64.Build.0 = Release|x64
		{D932267A-E335-48F0-ACC6-DA7534027ABB}.Release|x86.ActiveCfg = Release|Win32
		{D932267A-E335-48F0-ACC6-DA7534027ABB}.Release|x86.Build.0 = Release|Win32
		{51969E1E-E0AE-43CB-93CA-AAF711B28891}.All|Any CPU.ActiveCfg = Debug|x64
		{51969E1E-E0AE-43CB-93CA-AAF711B28891}.All|Any CPU.Build.0 = Debug|x64
		{51969E1E-E0AE-43CB-93CA-AAF711B28891}.All|ARM64.ActiveCfg = Debug|x64
		{51969E1E-E0AE-43CB-93CA-AAF711B28891}.All|ARM64.Build.0 = Debug|x64
		{51969E1E-E0AE-43CB-93CA-AAF711B28891}.All|x64.ActiveCfg = Debug|x64
		{51969E1E-E0AE-43CB-93CA-AAF711B28891}.All|x64.Build.0 = Debug|x64
		{51969E1E-E0AE-43CB-93CA-AAF711B28891}.All|x86.ActiveCfg = Debug|Win32
		{51969E1E-E0AE-43CB-93CA-AAF711B28891}.All|x86.Build.0 = Debug|Win32
		{51969E1E-E0AE-43CB-93CA-AAF711B28891}.Debug|Any CPU.ActiveCfg = Debug|x64
		{51969E1E-E0AE-43CB-93CA-AAF711B28891}.Debug|Any CPU.Build.0 = Debug|x64
		{51969E1E-E0AE-43CB-93CA-AAF711B28891}.Debug|ARM64.ActiveCfg = Debug|x64
		{51969E1E-E0AE-43CB-93CA-AAF711B28891}.Debug|ARM64.Build.0 = Debug|x64
		{51969E1E-E0AE-43CB-93CA-AAF711B28891}.Debug|x64.ActiveCfg = Debug|x64
		{51969E1E-E0AE-43CB-93CA-AAF711B28891}.Debug|x64.Build.0 = Debug|x64
		{51969E1E-E0AE-43CB-93CA-AAF711B28891}.Debug|x86.ActiveCfg = Debug|Win32
		{51969E1E-E0AE-43CB-93CA-AAF711B28891}.Debug|x86.Build.0 = Debug|Win32
		{51969E1E-E0AE-43CB-93CA-AAF711B28891}.Release|Any CPU.ActiveCfg = Release|x64
		{51969E1E-E0AE-43CB-93CA-AAF711B28891}.Release|Any CPU.Build.0 = Release|x64
		{51969E1E-E0AE-43CB-93CA-AAF711B28891}.Release|ARM64.ActiveCfg = Release|x64
		{51969E1E-E0AE-43CB-93CA-AAF711B28891}.Release|ARM64.Build.0 = Release|x64
		{51969E1E-E0AE-43CB-93CA-AAF711B28891}.Release|x64.ActiveCfg = Release|x64
		{51969E1E-E0AE-43CB-93CA-AAF711B28891}.Release|x64.Build.0 = Release|x64
		{51969E1E-E0AE-43CB-93CA-AAF711B28891}.Release|x86.ActiveCfg = Release|Win32
		{51969E1E-E0AE-43CB-93CA-AAF711B28891}.Release|x86.Build.0 = Release|Win32
	EndGlobalSection
	GlobalSection(SolutionProperties) = preSolution
		HideSolutionNode = FALSE
	EndGlobalSection
	GlobalSection(NestedProjects) = preSolution
		{4C02D43C-0D74-45E8-A7D2-328351DC274A} = {3815AFED-BEDD-455C-8481-B47748CC6990}
		{400E36DA-DBF7-4BF8-9F33-420F25B06835} = {3815AFED-BEDD-455C-8481-B47748CC6990}
		{B882E635-FE30-4D15-937C-82AC4C63AF1E} = {6F4A12F4-EC19-40DF-8164-04F44F5D8619}
		{F5D91FD6-F519-3AC5-2EF1-6ADD62B256F6} = {6F4A12F4-EC19-40DF-8164-04F44F5D8619}
		{90B6CD2A-9BAF-4548-A241-EE8DF192B42B} = {3815AFED-BEDD-455C-8481-B47748CC6990}
		{AA8E29C7-1FF0-942B-18F3-C99AB28765D4} = {1CD88169-12D6-4F79-9FB7-16809F8B8ACF}
		{AA9A5D71-A161-4A69-8F8E-44868E3FBD26} = {62DA25D9-6187-4BE4-9E4B-4AA188C07797}
		{6B74ED56-C13B-46E4-9C79-5138297FB137} = {1CD88169-12D6-4F79-9FB7-16809F8B8ACF}
		{48347F94-F8D8-4343-BFF1-7492433091EE} = {62DA25D9-6187-4BE4-9E4B-4AA188C07797}
		{FFF97A41-7F57-4109-9C5B-FC6F22C3DABA} = {7F0E2C28-1BC5-41AA-AAC2-D0B38A97FBF8}
		{D932267A-E335-48F0-ACC6-DA7534027ABB} = {62DA25D9-6187-4BE4-9E4B-4AA188C07797}
		{51969E1E-E0AE-43CB-93CA-AAF711B28891} = {3815AFED-BEDD-455C-8481-B47748CC6990}
	EndGlobalSection
	GlobalSection(ExtensibilityGlobals) = postSolution
		SolutionGuid = {AB101E70-702B-4F07-93F3-773375A0D368}
	EndGlobalSection
EndGlobal
